<?xml version="1.0" encoding="utf-8"?>
<Project ToolsVersion="4.0" xmlns="http://schemas.microsoft.com/developer/msbuild/2003">
  <ItemGroup>
    <ClCompile Include="IndexBuffer.cpp">
      <Filter>OpenGL</Filter>
    </ClCompile>
    <ClCompile Include="Renderer.cpp">
      <Filter>OpenGL</Filter>
    </ClCompile>
    <ClCompile Include="VertexBuffer.cpp">
      <Filter>OpenGL</Filter>
    </ClCompile>
    <ClCompile Include="VertexArray.cpp">
      <Filter>OpenGL</Filter>
    </ClCompile>
    <ClCompile Include="Shader.cpp">
      <Filter>OpenGL</Filter>
    </ClCompile>
    <ClCompile Include="stb_image.cpp">
      <Filter>OpenGL</Filter>
    </ClCompile>
    <ClCompile Include="main.cpp" />
    <ClCompile Include="Texture.cpp">
      <Filter>OpenGL</Filter>
    </ClCompile>
    <ClCompile Include="vendor\imgui\imgui.cpp">
      <Filter>imgui</Filter>
    </ClCompile>
    <ClCompile Include="vendor\imgui\imgui_demo.cpp">
      <Filter>imgui</Filter>
    </ClCompile>
    <ClCompile Include="vendor\imgui\imgui_draw.cpp">
      <Filter>imgui</Filter>
    </ClCompile>
    <ClCompile Include="vendor\imgui\imgui_impl_opengl3.cpp">
      <Filter>imgui</Filter>
    </ClCompile>
    <ClCompile Include="vendor\imgui\imgui_widgets.cpp">
      <Filter>imgui</Filter>
    </ClCompile>
    <ClCompile Include="vendor\imgui\imgui_impl_glfw.cpp">
      <Filter>imgui</Filter>
    </ClCompile>
    <ClCompile Include="Model.cpp">
      <Filter>OpenGL</Filter>
    </ClCompile>
    <ClCompile Include="Mesh.cpp">
      <Filter>OpenGL</Filter>
    </ClCompile>
  </ItemGroup>
  <ItemGroup>
    <Filter Include="OpenGL">
      <UniqueIdentifier>{9a630673-b08d-4009-a9e8-c338c9c05b34}</UniqueIdentifier>
    </Filter>
    <Filter Include="OpenGL\Shaders">
      <UniqueIdentifier>{aaaa4ec4-08c7-47d0-b53b-3fd5b5fc6876}</UniqueIdentifier>
    </Filter>
    <Filter Include="imgui">
      <UniqueIdentifier>{939c0b1c-b0d0-4c33-ad6a-4420c169c528}</UniqueIdentifier>
    </Filter>
  </ItemGroup>
  <ItemGroup>
    <ClInclude Include="IndexBuffer.h">
      <Filter>OpenGL</Filter>
    </ClInclude>
    <ClInclude Include="Renderer.h">
      <Filter>OpenGL</Filter>
    </ClInclude>
    <ClInclude Include="VertexBuffer.h">
      <Filter>OpenGL</Filter>
    </ClInclude>
    <ClInclude Include="VertexArray.h">
      <Filter>OpenGL</Filter>
    </ClInclude>
    <ClInclude Include="VertexBufferLayout.h">
      <Filter>OpenGL</Filter>
    </ClInclude>
    <ClInclude Include="Shader.h">
      <Filter>OpenGL</Filter>
    </ClInclude>
    <ClInclude Include="stb_image.h">
      <Filter>OpenGL</Filter>
    </ClInclude>
    <ClInclude Include="Texture.h">
      <Filter>OpenGL</Filter>
    </ClInclude>
    <ClInclude Include="vendor\imgui\imconfig.h">
      <Filter>imgui</Filter>
    </ClInclude>
    <ClInclude Include="vendor\imgui\imgui.h">
      <Filter>imgui</Filter>
    </ClInclude>
    <ClInclude Include="vendor\imgui\imgui_impl_opengl3.h">
      <Filter>imgui</Filter>
    </ClInclude>
    <ClInclude Include="vendor\imgui\imgui_internal.h">
      <Filter>imgui</Filter>
    </ClInclude>
    <ClInclude Include="vendor\imgui\imstb_rectpack.h">
      <Filter>imgui</Filter>
    </ClInclude>
    <ClInclude Include="vendor\imgui\imstb_textedit.h">
      <Filter>imgui</Filter>
    </ClInclude>
    <ClInclude Include="vendor\imgui\imstb_truetype.h">
      <Filter>imgui</Filter>
    </ClInclude>
    <ClInclude Include="vendor\imgui\imgui_impl_glfw.h">
      <Filter>imgui</Filter>
    </ClInclude>
    <ClInclude Include="Model.h">
      <Filter>OpenGL</Filter>
    </ClInclude>
    <ClInclude Include="Mesh.h">
      <Filter>OpenGL</Filter>
    </ClInclude>
  </ItemGroup>
  <ItemGroup>
    <None Include="res\shaders\generic.shader">
      <Filter>OpenGL\Shaders</Filter>
    </None>
  </ItemGroup>
</Project>